
Microsoft Visual Studio Solution File, Format Version 12.00
# Visual Studio Version 17
VisualStudioVersion = 17.9.34728.123
MinimumVisualStudioVersion = 10.0.40219.1
Project("{FAE04EC0-301F-11D3-BF4B-00C04F79EFBC}") = "ThirdGame", "ThirdGame\ThirdGame.csproj", "{185FBF0B-A4D1-4001-88F9-6C79FDD60444}"
EndProject
Global
	GlobalSection(SolutionConfigurationPlatforms) = preSolution
		Debug|Any CPU = Debug|Any CPU
		Release|Any CPU = Release|Any CPU
	EndGlobalSection
	GlobalSection(ProjectConfigurationPlatforms) = postSolution
		{185FBF0B-A4D1-4001-88F9-6C79FDD60444}.Debug|Any CPU.ActiveCfg = Debug|Any CPU
		{185FBF0B-A4D1-4001-88F9-6C79FDD60444}.Debug|Any CPU.Build.0 = Debug|Any CPU
		{185FBF0B-A4D1-4001-88F9-6C79FDD60444}.Release|Any CPU.ActiveCfg = Release|Any CPU
		{185FBF0B-A4D1-4001-88F9-6C79FDD60444}.Release|Any CPU.Build.0 = Release|Any CPU
	EndGlobalSection
	GlobalSection(SolutionProperties) = preSolution
		HideSolutionNode = FALSE
	EndGlobalSection
	GlobalSection(ExtensibilityGlobals) = postSolution
		SolutionGuid = {59E437A4-B47C-46E4-AE06-587ACA0B7C45}
	EndGlobalSection
EndGlobal
